
Microsoft Visual Studio Solution File, Format Version 12.00
# Visual Studio Version 17
VisualStudioVersion = 17.13.35913.81
MinimumVisualStudioVersion = 10.0.40219.1
Project("{FAE04EC0-301F-11D3-BF4B-00C04F79EFBC}") = "Language and skill feature", "Language and skill feature\Language and skill feature.csproj", "{A34DF729-A66F-46AC-9072-4C2ADCCB22D0}"
EndProject
Global
	GlobalSection(SolutionConfigurationPlatforms) = preSolution
		Debug|Any CPU = Debug|Any CPU
		Release|Any CPU = Release|Any CPU
	EndGlobalSection
	GlobalSection(ProjectConfigurationPlatforms) = postSolution
		{A34DF729-A66F-46AC-9072-4C2ADCCB22D0}.Debug|Any CPU.ActiveCfg = Debug|Any CPU
		{A34DF729-A66F-46AC-9072-4C2ADCCB22D0}.Debug|Any CPU.Build.0 = Debug|Any CPU
		{A34DF729-A66F-46AC-9072-4C2ADCCB22D0}.Release|Any CPU.ActiveCfg = Release|Any CPU
		{A34DF729-A66F-46AC-9072-4C2ADCCB22D0}.Release|Any CPU.Build.0 = Release|Any CPU
	EndGlobalSection
	GlobalSection(SolutionProperties) = preSolution
		HideSolutionNode = FALSE
	EndGlobalSection
	GlobalSection(ExtensibilityGlobals) = postSolution
		SolutionGuid = {FE6A0922-2DE6-42A0-AF84-51F218900257}
	EndGlobalSection
EndGlobal
